
Microsoft Visual Studio Solution File, Format Version 12.00
# Visual Studio Version 16
VisualStudioVersion = 16.0.29418.71
MinimumVisualStudioVersion = 10.0.40219.1
Project("{FAE04EC0-301F-11D3-BF4B-00C04F79EFBC}") = "EmployeeAPI", "EmployeeAPI\EmployeeAPI.csproj", "{CB658992-67DD-43C6-8DF8-A801C4B7405E}"
EndProject
Global
	GlobalSection(SolutionConfigurationPlatforms) = preSolution
		Debug|Any CPU = Debug|Any CPU
		Release|Any CPU = Release|Any CPU
	EndGlobalSection
	GlobalSection(ProjectConfigurationPlatforms) = postSolution
		{CB658992-67DD-43C6-8DF8-A801C4B7405E}.Debug|Any CPU.ActiveCfg = Debug|Any CPU
		{CB658992-67DD-43C6-8DF8-A801C4B7405E}.Debug|Any CPU.Build.0 = Debug|Any CPU
		{CB658992-67DD-43C6-8DF8-A801C4B7405E}.Release|Any CPU.ActiveCfg = Release|Any CPU
		{CB658992-67DD-43C6-8DF8-A801C4B7405E}.Release|Any CPU.Build.0 = Release|Any CPU
	EndGlobalSection
	GlobalSection(SolutionProperties) = preSolution
		HideSolutionNode = FALSE
	EndGlobalSection
	GlobalSection(ExtensibilityGlobals) = postSolution
		SolutionGuid = {3E50BA63-AC16-4311-AD7E-A64CB4DCDD4D}
	EndGlobalSection
EndGlobal
