
Microsoft Visual Studio Solution File, Format Version 12.00
# Visual Studio Version 16
VisualStudioVersion = 16.0.29418.71
MinimumVisualStudioVersion = 10.0.40219.1
Project("{FAE04EC0-301F-11D3-BF4B-00C04F79EFBC}") = "StudentData", "StudentData\StudentData.csproj", "{DA376067-CE69-4389-9B62-249DF3BCD835}"
EndProject
Global
	GlobalSection(SolutionConfigurationPlatforms) = preSolution
		Debug|Any CPU = Debug|Any CPU
		Release|Any CPU = Release|Any CPU
	EndGlobalSection
	GlobalSection(ProjectConfigurationPlatforms) = postSolution
		{DA376067-CE69-4389-9B62-249DF3BCD835}.Debug|Any CPU.ActiveCfg = Debug|Any CPU
		{DA376067-CE69-4389-9B62-249DF3BCD835}.Debug|Any CPU.Build.0 = Debug|Any CPU
		{DA376067-CE69-4389-9B62-249DF3BCD835}.Release|Any CPU.ActiveCfg = Release|Any CPU
		{DA376067-CE69-4389-9B62-249DF3BCD835}.Release|Any CPU.Build.0 = Release|Any CPU
	EndGlobalSection
	GlobalSection(SolutionProperties) = preSolution
		HideSolutionNode = FALSE
	EndGlobalSection
	GlobalSection(ExtensibilityGlobals) = postSolution
		SolutionGuid = {F55EBF7A-FFDF-488C-9594-28A7C00DE910}
	EndGlobalSection
EndGlobal
