
Microsoft Visual Studio Solution File, Format Version 12.00
# Visual Studio Version 16
VisualStudioVersion = 16.0.29418.71
MinimumVisualStudioVersion = 10.0.40219.1
Project("{FAE04EC0-301F-11D3-BF4B-00C04F79EFBC}") = "IncrementInput", "IncrementInput\IncrementInput.csproj", "{B240B55C-8CBE-441F-88F4-2FD421F6293A}"
EndProject
Global
	GlobalSection(SolutionConfigurationPlatforms) = preSolution
		Debug|Any CPU = Debug|Any CPU
		Release|Any CPU = Release|Any CPU
	EndGlobalSection
	GlobalSection(ProjectConfigurationPlatforms) = postSolution
		{B240B55C-8CBE-441F-88F4-2FD421F6293A}.Debug|Any CPU.ActiveCfg = Debug|Any CPU
		{B240B55C-8CBE-441F-88F4-2FD421F6293A}.Debug|Any CPU.Build.0 = Debug|Any CPU
		{B240B55C-8CBE-441F-88F4-2FD421F6293A}.Release|Any CPU.ActiveCfg = Release|Any CPU
		{B240B55C-8CBE-441F-88F4-2FD421F6293A}.Release|Any CPU.Build.0 = Release|Any CPU
	EndGlobalSection
	GlobalSection(SolutionProperties) = preSolution
		HideSolutionNode = FALSE
	EndGlobalSection
	GlobalSection(ExtensibilityGlobals) = postSolution
		SolutionGuid = {F15EC7A2-45BD-4387-95C8-378F5FA9F059}
	EndGlobalSection
EndGlobal
