
Microsoft Visual Studio Solution File, Format Version 12.00
# Visual Studio Version 16
VisualStudioVersion = 16.0.32602.291
MinimumVisualStudioVersion = 10.0.40219.1
Project("{FAE04EC0-301F-11D3-BF4B-00C04F79EFBC}") = "AspNetProject1", "AspNetProject1\AspNetProject1.csproj", "{67F119BB-4D41-43B2-AAB2-8ABDCEB2DFAD}"
EndProject
Global
	GlobalSection(SolutionConfigurationPlatforms) = preSolution
		Debug|Any CPU = Debug|Any CPU
		Release|Any CPU = Release|Any CPU
	EndGlobalSection
	GlobalSection(ProjectConfigurationPlatforms) = postSolution
		{67F119BB-4D41-43B2-AAB2-8ABDCEB2DFAD}.Debug|Any CPU.ActiveCfg = Debug|Any CPU
		{67F119BB-4D41-43B2-AAB2-8ABDCEB2DFAD}.Debug|Any CPU.Build.0 = Debug|Any CPU
		{67F119BB-4D41-43B2-AAB2-8ABDCEB2DFAD}.Release|Any CPU.ActiveCfg = Release|Any CPU
		{67F119BB-4D41-43B2-AAB2-8ABDCEB2DFAD}.Release|Any CPU.Build.0 = Release|Any CPU
	EndGlobalSection
	GlobalSection(SolutionProperties) = preSolution
		HideSolutionNode = FALSE
	EndGlobalSection
	GlobalSection(ExtensibilityGlobals) = postSolution
		SolutionGuid = {541BDE83-A950-4DC2-B982-1ADBB512DFC9}
	EndGlobalSection
EndGlobal
